
Microsoft Visual Studio Solution File, Format Version 12.00
# Visual Studio Version 16
VisualStudioVersion = 16.0.29201.188
MinimumVisualStudioVersion = 10.0.40219.1
Project("{FAE04EC0-301F-11D3-BF4B-00C04F79EFBC}") = "WoWDeveloperAssistant", "WoWDeveloperAssistant\WoWDeveloperAssistant.csproj", "{C382D716-922D-419C-AD4D-604BD04D173B}"
EndProject
Project("{9A19103F-16F7-4668-BE54-9A1E7A4F7556}") = "DBFileReaderLib", "DBFileReaderLib\DBFileReaderLib.csproj", "{CC67383C-E819-4864-89FE-5D51452047A5}"
EndProject
Global
	GlobalSection(SolutionConfigurationPlatforms) = preSolution
		Debug|Any CPU = Debug|Any CPU
		Release|Any CPU = Release|Any CPU
	EndGlobalSection
	GlobalSection(ProjectConfigurationPlatforms) = postSolution
		{C382D716-922D-419C-AD4D-604BD04D173B}.Debug|Any CPU.ActiveCfg = Debug|Any CPU
		{C382D716-922D-419C-AD4D-604BD04D173B}.Debug|Any CPU.Build.0 = Debug|Any CPU
		{C382D716-922D-419C-AD4D-604BD04D173B}.Release|Any CPU.ActiveCfg = Release|Any CPU
		{C382D716-922D-419C-AD4D-604BD04D173B}.Release|Any CPU.Build.0 = Release|Any CPU
		{CC67383C-E819-4864-89FE-5D51452047A5}.Debug|Any CPU.ActiveCfg = Debug|Any CPU
		{CC67383C-E819-4864-89FE-5D51452047A5}.Debug|Any CPU.Build.0 = Debug|Any CPU
		{CC67383C-E819-4864-89FE-5D51452047A5}.Release|Any CPU.ActiveCfg = Release|Any CPU
		{CC67383C-E819-4864-89FE-5D51452047A5}.Release|Any CPU.Build.0 = Release|Any CPU
	EndGlobalSection
	GlobalSection(SolutionProperties) = preSolution
		HideSolutionNode = FALSE
	EndGlobalSection
	GlobalSection(ExtensibilityGlobals) = postSolution
		SolutionGuid = {E070A85C-5246-4776-A56B-1DA6A37AC4C2}
	EndGlobalSection
EndGlobal
